{
  "originHash" : "a684fdf6b0fc8b19451e45fed1fd78656c72d1ff793ffad56b7942b7730562d1",
  "pins" : [
    {
      "identity" : "capacitor-swift-pm",
      "kind" : "remoteSourceControl",
      "location" : "https://github.com/ionic-team/capacitor-swift-pm.git",
      "state" : {
        "revision" : "4f71d0b979f2f957326f04353eca7604ee937e1e",
        "version" : "8.5.0"
      }
    }
  ],
  "version" : 3
}
